{
  "pins" : [
    {
      "identity" : "pinlayout",
      "kind" : "remoteSourceControl",
      "location" : "https://github.com/layoutBox/PinLayout",
      "state" : {
        "revision" : "ce929a6ecdc6701adee9bdf9d949e0036f567ca7",
        "version" : "1.10.4"
      }
    },
    {
      "identity" : "toast",
      "kind" : "remoteSourceControl",
      "location" : "https://github.com/Guboneui/Toast",
      "state" : {
        "branch" : "main",
        "revision" : "dbd9f4d5ae1069ac1d9e9502ec4de1da38191fa1"
      }
    }
  ],
  "version" : 2
}
